
Microsoft Visual Studio Solution File, Format Version 12.00
# Visual Studio Version 17
VisualStudioVersion = 17.0.32014.148
MinimumVisualStudioVersion = 10.0.40219.1
Project("{FAE04EC0-301F-11D3-BF4B-00C04F79EFBC}") = "lab3", "lab3\lab3.csproj", "{4162EADA-4867-46A0-97BD-D7DBD8D56835}"
EndProject
Project("{FAE04EC0-301F-11D3-BF4B-00C04F79EFBC}") = "lab3Tests", "lab3Tests\lab3Tests.csproj", "{9AF4FF14-8740-4674-A53B-17F916DA506E}"
EndProject
Global
	GlobalSection(SolutionConfigurationPlatforms) = preSolution
		Debug|Any CPU = Debug|Any CPU
		Release|Any CPU = Release|Any CPU
	EndGlobalSection
	GlobalSection(ProjectConfigurationPlatforms) = postSolution
		{4162EADA-4867-46A0-97BD-D7DBD8D56835}.Debug|Any CPU.ActiveCfg = Debug|Any CPU
		{4162EADA-4867-46A0-97BD-D7DBD8D56835}.Debug|Any CPU.Build.0 = Debug|Any CPU
		{4162EADA-4867-46A0-97BD-D7DBD8D56835}.Release|Any CPU.ActiveCfg = Release|Any CPU
		{4162EADA-4867-46A0-97BD-D7DBD8D56835}.Release|Any CPU.Build.0 = Release|Any CPU
		{9AF4FF14-8740-4674-A53B-17F916DA506E}.Debug|Any CPU.ActiveCfg = Debug|Any CPU
		{9AF4FF14-8740-4674-A53B-17F916DA506E}.Debug|Any CPU.Build.0 = Debug|Any CPU
		{9AF4FF14-8740-4674-A53B-17F916DA506E}.Release|Any CPU.ActiveCfg = Release|Any CPU
		{9AF4FF14-8740-4674-A53B-17F916DA506E}.Release|Any CPU.Build.0 = Release|Any CPU
	EndGlobalSection
	GlobalSection(SolutionProperties) = preSolution
		HideSolutionNode = FALSE
	EndGlobalSection
	GlobalSection(ExtensibilityGlobals) = postSolution
		SolutionGuid = {1AAA6C7D-37B3-4B2B-9386-45D2297EDAB1}
	EndGlobalSection
EndGlobal
